
Microsoft Visual Studio Solution File, Format Version 12.00
# Visual Studio 2012
Project("{FAE04EC0-301F-11D3-BF4B-00C04F79EFBC}") = "com.gmit.TimetableApp", "com.gmit.TimetableApp.csproj", "{1CB56AEB-B2DA-4A99-A87B-278385590CEC}"
EndProject
Global
	GlobalSection(SolutionConfigurationPlatforms) = preSolution
		Debug|Any CPU = Debug|Any CPU
		Release|Any CPU = Release|Any CPU
	EndGlobalSection
	GlobalSection(ProjectConfigurationPlatforms) = postSolution
		{1CB56AEB-B2DA-4A99-A87B-278385590CEC}.Debug|Any CPU.ActiveCfg = Debug|Any CPU
		{1CB56AEB-B2DA-4A99-A87B-278385590CEC}.Debug|Any CPU.Build.0 = Debug|Any CPU
		{1CB56AEB-B2DA-4A99-A87B-278385590CEC}.Release|Any CPU.ActiveCfg = Release|Any CPU
		{1CB56AEB-B2DA-4A99-A87B-278385590CEC}.Release|Any CPU.Build.0 = Release|Any CPU
	EndGlobalSection
EndGlobal
